
Microsoft Visual Studio Solution File, Format Version 12.00
# Visual Studio Version 16
VisualStudioVersion = 16.0.31112.23
MinimumVisualStudioVersion = 10.0.40219.1
Project("{FAE04EC0-301F-11D3-BF4B-00C04F79EFBC}") = "TRMDataManager", "TRMDataManager\TRMDataManager.csproj", "{8989F35B-D437-45A8-89C7-C8E4B32A6B38}"
EndProject
Project("{00D1A9C2-B5F0-4AF3-8072-F6C62B433612}") = "TRMData", "TRMData\TRMData.sqlproj", "{677CF91D-01D9-4897-89D0-30C948B87397}"
EndProject
Project("{FAE04EC0-301F-11D3-BF4B-00C04F79EFBC}") = "TRMDesktopUI", "TRMDesktopUI\TRMDesktopUI.csproj", "{D11BDEB1-892D-425B-ABDF-478D9A4D4821}"
EndProject
Project("{FAE04EC0-301F-11D3-BF4B-00C04F79EFBC}") = "TRMDataManager.Library", "TRMDataManager.Library\TRMDataManager.Library.csproj", "{7971D538-E5DB-4B18-950C-E26E796CA9D3}"
EndProject
Project("{FAE04EC0-301F-11D3-BF4B-00C04F79EFBC}") = "TRMDesktopUI.Library", "TRMDesktopUI.Library\TRMDesktopUI.Library.csproj", "{7086F271-7428-41D9-9EAE-A9D73926D7C5}"
EndProject
Project("{2150E333-8FDC-42A3-9474-1A3956D46DE8}") = "API", "API", "{DE566A3B-87F1-494C-833B-CF5F454E79FD}"
EndProject
Project("{2150E333-8FDC-42A3-9474-1A3956D46DE8}") = "Database", "Database", "{08BE2250-0F7F-4C11-A76E-410CCA9EF89B}"
EndProject
Project("{2150E333-8FDC-42A3-9474-1A3956D46DE8}") = "WPF", "WPF", "{0FA995CE-CB59-4E56-A5E2-009A1BB89568}"
EndProject
Global
	GlobalSection(SolutionConfigurationPlatforms) = preSolution
		Debug|Any CPU = Debug|Any CPU
		Release|Any CPU = Release|Any CPU
	EndGlobalSection
	GlobalSection(ProjectConfigurationPlatforms) = postSolution
		{8989F35B-D437-45A8-89C7-C8E4B32A6B38}.Debug|Any CPU.ActiveCfg = Debug|Any CPU
		{8989F35B-D437-45A8-89C7-C8E4B32A6B38}.Debug|Any CPU.Build.0 = Debug|Any CPU
		{8989F35B-D437-45A8-89C7-C8E4B32A6B38}.Release|Any CPU.ActiveCfg = Release|Any CPU
		{8989F35B-D437-45A8-89C7-C8E4B32A6B38}.Release|Any CPU.Build.0 = Release|Any CPU
		{677CF91D-01D9-4897-89D0-30C948B87397}.Debug|Any CPU.ActiveCfg = Debug|Any CPU
		{677CF91D-01D9-4897-89D0-30C948B87397}.Debug|Any CPU.Build.0 = Debug|Any CPU
		{677CF91D-01D9-4897-89D0-30C948B87397}.Debug|Any CPU.Deploy.0 = Debug|Any CPU
		{677CF91D-01D9-4897-89D0-30C948B87397}.Release|Any CPU.ActiveCfg = Release|Any CPU
		{677CF91D-01D9-4897-89D0-30C948B87397}.Release|Any CPU.Build.0 = Release|Any CPU
		{677CF91D-01D9-4897-89D0-30C948B87397}.Release|Any CPU.Deploy.0 = Release|Any CPU
		{D11BDEB1-892D-425B-ABDF-478D9A4D4821}.Debug|Any CPU.ActiveCfg = Debug|Any CPU
		{D11BDEB1-892D-425B-ABDF-478D9A4D4821}.Debug|Any CPU.Build.0 = Debug|Any CPU
		{D11BDEB1-892D-425B-ABDF-478D9A4D4821}.Release|Any CPU.ActiveCfg = Release|Any CPU
		{D11BDEB1-892D-425B-ABDF-478D9A4D4821}.Release|Any CPU.Build.0 = Release|Any CPU
		{7971D538-E5DB-4B18-950C-E26E796CA9D3}.Debug|Any CPU.ActiveCfg = Debug|Any CPU
		{7971D538-E5DB-4B18-950C-E26E796CA9D3}.Debug|Any CPU.Build.0 = Debug|Any CPU
		{7971D538-E5DB-4B18-950C-E26E796CA9D3}.Release|Any CPU.ActiveCfg = Release|Any CPU
		{7971D538-E5DB-4B18-950C-E26E796CA9D3}.Release|Any CPU.Build.0 = Release|Any CPU
		{7086F271-7428-41D9-9EAE-A9D73926D7C5}.Debug|Any CPU.ActiveCfg = Debug|Any CPU
		{7086F271-7428-41D9-9EAE-A9D73926D7C5}.Debug|Any CPU.Build.0 = Debug|Any CPU
		{7086F271-7428-41D9-9EAE-A9D73926D7C5}.Release|Any CPU.ActiveCfg = Release|Any CPU
		{7086F271-7428-41D9-9EAE-A9D73926D7C5}.Release|Any CPU.Build.0 = Release|Any CPU
	EndGlobalSection
	GlobalSection(SolutionProperties) = preSolution
		HideSolutionNode = FALSE
	EndGlobalSection
	GlobalSection(NestedProjects) = preSolution
		{8989F35B-D437-45A8-89C7-C8E4B32A6B38} = {DE566A3B-87F1-494C-833B-CF5F454E79FD}
		{677CF91D-01D9-4897-89D0-30C948B87397} = {08BE2250-0F7F-4C11-A76E-410CCA9EF89B}
		{D11BDEB1-892D-425B-ABDF-478D9A4D4821} = {0FA995CE-CB59-4E56-A5E2-009A1BB89568}
		{7971D538-E5DB-4B18-950C-E26E796CA9D3} = {DE566A3B-87F1-494C-833B-CF5F454E79FD}
		{7086F271-7428-41D9-9EAE-A9D73926D7C5} = {0FA995CE-CB59-4E56-A5E2-009A1BB89568}
	EndGlobalSection
	GlobalSection(ExtensibilityGlobals) = postSolution
		SolutionGuid = {B59A3C3C-0EE7-4F78-B56F-1CA5C4E985FA}
	EndGlobalSection
EndGlobal
